
Microsoft Visual Studio Solution File, Format Version 12.00
# Visual Studio Version 17
VisualStudioVersion = 17.10.34607.79
MinimumVisualStudioVersion = 10.0.40219.1
Project("{9A19103F-16F7-4668-BE54-9A1E7A4F7556}") = "Medical.Management.Api", "Medical.Management.Api\Medical.Management.Api.csproj", "{8C12C8E7-FA6C-45E8-B2E8-F181A1EE2338}"
EndProject
Project("{9A19103F-16F7-4668-BE54-9A1E7A4F7556}") = "Medical.Management.Application", "Medical.Management.Application\Medical.Management.Application.csproj", "{2C2C4416-CAF5-409B-B03C-5386566E109D}"
EndProject
Project("{9A19103F-16F7-4668-BE54-9A1E7A4F7556}") = "Medical.Management.Domain", "Medical.Management.Domain\Medical.Management.Domain.csproj", "{77D260FF-17AB-4555-9DDE-6E2680AB476C}"
EndProject
Project("{9A19103F-16F7-4668-BE54-9A1E7A4F7556}") = "Medical.Management.Infra", "Medical.Management.Infra\Medical.Management.Infra.csproj", "{7F3EE94A-18C8-4C52-9CCC-666F5F76F234}"
EndProject
Project("{9A19103F-16F7-4668-BE54-9A1E7A4F7556}") = "Medical.Management.UnitTest", "Medical.Management.UnitTest\Medical.Management.UnitTest.csproj", "{BA863077-547E-4738-9B17-A904DEEBBD07}"
EndProject
Global
	GlobalSection(SolutionConfigurationPlatforms) = preSolution
		Debug|Any CPU = Debug|Any CPU
		Release|Any CPU = Release|Any CPU
	EndGlobalSection
	GlobalSection(ProjectConfigurationPlatforms) = postSolution
		{8C12C8E7-FA6C-45E8-B2E8-F181A1EE2338}.Debug|Any CPU.ActiveCfg = Debug|Any CPU
		{8C12C8E7-FA6C-45E8-B2E8-F181A1EE2338}.Debug|Any CPU.Build.0 = Debug|Any CPU
		{8C12C8E7-FA6C-45E8-B2E8-F181A1EE2338}.Release|Any CPU.ActiveCfg = Release|Any CPU
		{8C12C8E7-FA6C-45E8-B2E8-F181A1EE2338}.Release|Any CPU.Build.0 = Release|Any CPU
		{2C2C4416-CAF5-409B-B03C-5386566E109D}.Debug|Any CPU.ActiveCfg = Debug|Any CPU
		{2C2C4416-CAF5-409B-B03C-5386566E109D}.Debug|Any CPU.Build.0 = Debug|Any CPU
		{2C2C4416-CAF5-409B-B03C-5386566E109D}.Release|Any CPU.ActiveCfg = Release|Any CPU
		{2C2C4416-CAF5-409B-B03C-5386566E109D}.Release|Any CPU.Build.0 = Release|Any CPU
		{77D260FF-17AB-4555-9DDE-6E2680AB476C}.Debug|Any CPU.ActiveCfg = Debug|Any CPU
		{77D260FF-17AB-4555-9DDE-6E2680AB476C}.Debug|Any CPU.Build.0 = Debug|Any CPU
		{77D260FF-17AB-4555-9DDE-6E2680AB476C}.Release|Any CPU.ActiveCfg = Release|Any CPU
		{77D260FF-17AB-4555-9DDE-6E2680AB476C}.Release|Any CPU.Build.0 = Release|Any CPU
		{7F3EE94A-18C8-4C52-9CCC-666F5F76F234}.Debug|Any CPU.ActiveCfg = Debug|Any CPU
		{7F3EE94A-18C8-4C52-9CCC-666F5F76F234}.Debug|Any CPU.Build.0 = Debug|Any CPU
		{7F3EE94A-18C8-4C52-9CCC-666F5F76F234}.Release|Any CPU.ActiveCfg = Release|Any CPU
		{7F3EE94A-18C8-4C52-9CCC-666F5F76F234}.Release|Any CPU.Build.0 = Release|Any CPU
		{BA863077-547E-4738-9B17-A904DEEBBD07}.Debug|Any CPU.ActiveCfg = Debug|Any CPU
		{BA863077-547E-4738-9B17-A904DEEBBD07}.Debug|Any CPU.Build.0 = Debug|Any CPU
		{BA863077-547E-4738-9B17-A904DEEBBD07}.Release|Any CPU.ActiveCfg = Release|Any CPU
		{BA863077-547E-4738-9B17-A904DEEBBD07}.Release|Any CPU.Build.0 = Release|Any CPU
	EndGlobalSection
	GlobalSection(SolutionProperties) = preSolution
		HideSolutionNode = FALSE
	EndGlobalSection
	GlobalSection(ExtensibilityGlobals) = postSolution
		SolutionGuid = {F9932186-B3F5-43AE-86B5-C3CD59796DAB}
	EndGlobalSection
EndGlobal
